
Microsoft Visual Studio Solution File, Format Version 12.00
# Visual Studio Version 17
VisualStudioVersion = 17.0.31903.59
MinimumVisualStudioVersion = 10.0.40219.1
Project("{2150E333-8FDC-42A3-9474-1A3956D46DE8}") = "services", "services", "{5854FF58-B8C5-05C6-5BF2-ACE42193F22B}"
EndProject
Project("{2150E333-8FDC-42A3-9474-1A3956D46DE8}") = "api-gateway", "api-gateway", "{9627E87E-F5B7-00AC-2F43-5E65E23A8312}"
EndProject
Project("{2150E333-8FDC-42A3-9474-1A3956D46DE8}") = "src", "src", "{48B09C83-2E15-0808-2655-F58E359487A4}"
EndProject
Project("{FAE04EC0-301F-11D3-BF4B-00C04F79EFBC}") = "ApiGateway.Api", "services\api-gateway\src\ApiGateway.Api\ApiGateway.Api.csproj", "{5AF6BD56-3058-4A1E-8837-7B2FC5DDB096}"
EndProject
Project("{FAE04EC0-301F-11D3-BF4B-00C04F79EFBC}") = "ApiGateway.Application", "services\api-gateway\src\ApiGateway.Application\ApiGateway.Application.csproj", "{3598534B-A5FE-45EC-A669-91B9E08A1DA3}"
EndProject
Project("{FAE04EC0-301F-11D3-BF4B-00C04F79EFBC}") = "ApiGateway.Domain", "services\api-gateway\src\ApiGateway.Domain\ApiGateway.Domain.csproj", "{CCD69CDF-74BB-412D-8265-AEBB6008C4A8}"
EndProject
Project("{FAE04EC0-301F-11D3-BF4B-00C04F79EFBC}") = "ApiGateway.Infrastructure", "services\api-gateway\src\ApiGateway.Infrastructure\ApiGateway.Infrastructure.csproj", "{A526D0E3-500A-4D6C-A91F-B2759A2F8E7F}"
EndProject
Project("{2150E333-8FDC-42A3-9474-1A3956D46DE8}") = "tests", "tests", "{1383B1E2-CD2C-FAD9-BD8C-9C31282C2A8E}"
EndProject
Project("{FAE04EC0-301F-11D3-BF4B-00C04F79EFBC}") = "ApiGateway.Tests", "services\api-gateway\tests\ApiGateway.Tests\ApiGateway.Tests.csproj", "{9B101BAF-515D-4269-8951-D2C72CE9FB83}"
EndProject
Project("{2150E333-8FDC-42A3-9474-1A3956D46DE8}") = "identity-service", "identity-service", "{A86387A1-6CB7-E87F-8D97-922B56EDCEFC}"
EndProject
Project("{2150E333-8FDC-42A3-9474-1A3956D46DE8}") = "src", "src", "{B16E37B7-9997-3A69-15CC-2776E4DDC1AC}"
EndProject
Project("{FAE04EC0-301F-11D3-BF4B-00C04F79EFBC}") = "IdentityService.Api", "services\identity-service\src\IdentityService.Api\IdentityService.Api.csproj", "{12C2BF90-ECF5-452D-AB16-DBE143D5CE22}"
EndProject
Project("{FAE04EC0-301F-11D3-BF4B-00C04F79EFBC}") = "IdentityService.Application", "services\identity-service\src\IdentityService.Application\IdentityService.Application.csproj", "{815AC796-78EC-42FA-9582-3EF12A0BBA0C}"
EndProject
Project("{FAE04EC0-301F-11D3-BF4B-00C04F79EFBC}") = "IdentityService.Domain", "services\identity-service\src\IdentityService.Domain\IdentityService.Domain.csproj", "{075066AA-6FD8-4552-9957-ED78A4E2491B}"
EndProject
Project("{FAE04EC0-301F-11D3-BF4B-00C04F79EFBC}") = "IdentityService.Infrastructure", "services\identity-service\src\IdentityService.Infrastructure\IdentityService.Infrastructure.csproj", "{311827A9-F03D-4423-9C56-E6CAD94C16DC}"
EndProject
Project("{2150E333-8FDC-42A3-9474-1A3956D46DE8}") = "tests", "tests", "{8B9A4CE7-C63C-2C30-32DD-7937E6868EBD}"
EndProject
Project("{FAE04EC0-301F-11D3-BF4B-00C04F79EFBC}") = "IdentityService.Tests", "services\identity-service\tests\IdentityService.Tests\IdentityService.Tests.csproj", "{9730FBE0-63D9-44AD-8843-43752A4CD493}"
EndProject
Project("{2150E333-8FDC-42A3-9474-1A3956D46DE8}") = "tenant-service", "tenant-service", "{ABB082B4-833B-A0CD-B655-86D7DB70B2FA}"
EndProject
Project("{2150E333-8FDC-42A3-9474-1A3956D46DE8}") = "src", "src", "{8E1C5EED-18F7-95E8-F7A9-6887CCB3C128}"
EndProject
Project("{FAE04EC0-301F-11D3-BF4B-00C04F79EFBC}") = "TenantService.Api", "services\tenant-service\src\TenantService.Api\TenantService.Api.csproj", "{CE599215-6AB2-44CA-86C8-E21B94937E76}"
EndProject
Project("{FAE04EC0-301F-11D3-BF4B-00C04F79EFBC}") = "TenantService.Application", "services\tenant-service\src\TenantService.Application\TenantService.Application.csproj", "{A6B59CD4-A590-4D15-BF41-596C477F7446}"
EndProject
Project("{FAE04EC0-301F-11D3-BF4B-00C04F79EFBC}") = "TenantService.Domain", "services\tenant-service\src\TenantService.Domain\TenantService.Domain.csproj", "{00913323-8F52-4F75-9355-A9B91F8108C9}"
EndProject
Project("{FAE04EC0-301F-11D3-BF4B-00C04F79EFBC}") = "TenantService.Infrastructure", "services\tenant-service\src\TenantService.Infrastructure\TenantService.Infrastructure.csproj", "{11D1490B-56D4-4FD5-99AB-BA1315FFD62E}"
EndProject
Project("{2150E333-8FDC-42A3-9474-1A3956D46DE8}") = "tests", "tests", "{26D1E0BA-7FB6-A6A4-15BA-DE137E8DF31E}"
EndProject
Project("{FAE04EC0-301F-11D3-BF4B-00C04F79EFBC}") = "TenantService.Tests", "services\tenant-service\tests\TenantService.Tests\TenantService.Tests.csproj", "{D950CCE3-A150-43CA-A768-D9AB9BE7D6D9}"
EndProject
Project("{2150E333-8FDC-42A3-9474-1A3956D46DE8}") = "shared", "shared", "{4F52FD11-658E-A102-6CD3-7D7C16FFA15B}"
EndProject
Project("{2150E333-8FDC-42A3-9474-1A3956D46DE8}") = "building-blocks", "building-blocks", "{B0D11A8D-6F1A-3D82-9DD1-31E9FC5F867E}"
EndProject
Project("{FAE04EC0-301F-11D3-BF4B-00C04F79EFBC}") = "ClinicSaaS.BuildingBlocks", "shared\building-blocks\ClinicSaaS.BuildingBlocks.csproj", "{E20BDBD2-F967-40C1-BC6B-CCFB4BBDB066}"
EndProject
Project("{2150E333-8FDC-42A3-9474-1A3956D46DE8}") = "contracts", "contracts", "{85E3A286-880E-ADB0-5CF2-3F1BDB3A4229}"
EndProject
Project("{FAE04EC0-301F-11D3-BF4B-00C04F79EFBC}") = "ClinicSaaS.Contracts", "shared\contracts\ClinicSaaS.Contracts.csproj", "{2E6A4F12-B2A9-4966-BBFF-CD04921F60B8}"
EndProject
Project("{2150E333-8FDC-42A3-9474-1A3956D46DE8}") = "observability", "observability", "{F538B308-B5F3-D824-0B3A-45B14555DCA2}"
EndProject
Project("{FAE04EC0-301F-11D3-BF4B-00C04F79EFBC}") = "ClinicSaaS.Observability", "shared\observability\ClinicSaaS.Observability.csproj", "{90AE8795-1117-4F56-8D51-BD4CEC89BC46}"
EndProject
Global
	GlobalSection(SolutionConfigurationPlatforms) = preSolution
		Debug|Any CPU = Debug|Any CPU
		Debug|x64 = Debug|x64
		Debug|x86 = Debug|x86
		Release|Any CPU = Release|Any CPU
		Release|x64 = Release|x64
		Release|x86 = Release|x86
	EndGlobalSection
	GlobalSection(ProjectConfigurationPlatforms) = postSolution
		{5AF6BD56-3058-4A1E-8837-7B2FC5DDB096}.Debug|Any CPU.ActiveCfg = Debug|Any CPU
		{5AF6BD56-3058-4A1E-8837-7B2FC5DDB096}.Debug|Any CPU.Build.0 = Debug|Any CPU
		{5AF6BD56-3058-4A1E-8837-7B2FC5DDB096}.Debug|x64.ActiveCfg = Debug|Any CPU
		{5AF6BD56-3058-4A1E-8837-7B2FC5DDB096}.Debug|x64.Build.0 = Debug|Any CPU
		{5AF6BD56-3058-4A1E-8837-7B2FC5DDB096}.Debug|x86.ActiveCfg = Debug|Any CPU
		{5AF6BD56-3058-4A1E-8837-7B2FC5DDB096}.Debug|x86.Build.0 = Debug|Any CPU
		{5AF6BD56-3058-4A1E-8837-7B2FC5DDB096}.Release|Any CPU.ActiveCfg = Release|Any CPU
		{5AF6BD56-3058-4A1E-8837-7B2FC5DDB096}.Release|Any CPU.Build.0 = Release|Any CPU
		{5AF6BD56-3058-4A1E-8837-7B2FC5DDB096}.Release|x64.ActiveCfg = Release|Any CPU
		{5AF6BD56-3058-4A1E-8837-7B2FC5DDB096}.Release|x64.Build.0 = Release|Any CPU
		{5AF6BD56-3058-4A1E-8837-7B2FC5DDB096}.Release|x86.ActiveCfg = Release|Any CPU
		{5AF6BD56-3058-4A1E-8837-7B2FC5DDB096}.Release|x86.Build.0 = Release|Any CPU
		{3598534B-A5FE-45EC-A669-91B9E08A1DA3}.Debug|Any CPU.ActiveCfg = Debug|Any CPU
		{3598534B-A5FE-45EC-A669-91B9E08A1DA3}.Debug|Any CPU.Build.0 = Debug|Any CPU
		{3598534B-A5FE-45EC-A669-91B9E08A1DA3}.Debug|x64.ActiveCfg = Debug|Any CPU
		{3598534B-A5FE-45EC-A669-91B9E08A1DA3}.Debug|x64.Build.0 = Debug|Any CPU
		{3598534B-A5FE-45EC-A669-91B9E08A1DA3}.Debug|x86.ActiveCfg = Debug|Any CPU
		{3598534B-A5FE-45EC-A669-91B9E08A1DA3}.Debug|x86.Build.0 = Debug|Any CPU
		{3598534B-A5FE-45EC-A669-91B9E08A1DA3}.Release|Any CPU.ActiveCfg = Release|Any CPU
		{3598534B-A5FE-45EC-A669-91B9E08A1DA3}.Release|Any CPU.Build.0 = Release|Any CPU
		{3598534B-A5FE-45EC-A669-91B9E08A1DA3}.Release|x64.ActiveCfg = Release|Any CPU
		{3598534B-A5FE-45EC-A669-91B9E08A1DA3}.Release|x64.Build.0 = Release|Any CPU
		{3598534B-A5FE-45EC-A669-91B9E08A1DA3}.Release|x86.ActiveCfg = Release|Any CPU
		{3598534B-A5FE-45EC-A669-91B9E08A1DA3}.Release|x86.Build.0 = Release|Any CPU
		{CCD69CDF-74BB-412D-8265-AEBB6008C4A8}.Debug|Any CPU.ActiveCfg = Debug|Any CPU
		{CCD69CDF-74BB-412D-8265-AEBB6008C4A8}.Debug|Any CPU.Build.0 = Debug|Any CPU
		{CCD69CDF-74BB-412D-8265-AEBB6008C4A8}.Debug|x64.ActiveCfg = Debug|Any CPU
		{CCD69CDF-74BB-412D-8265-AEBB6008C4A8}.Debug|x64.Build.0 = Debug|Any CPU
		{CCD69CDF-74BB-412D-8265-AEBB6008C4A8}.Debug|x86.ActiveCfg = Debug|Any CPU
		{CCD69CDF-74BB-412D-8265-AEBB6008C4A8}.Debug|x86.Build.0 = Debug|Any CPU
		{CCD69CDF-74BB-412D-8265-AEBB6008C4A8}.Release|Any CPU.ActiveCfg = Release|Any CPU
		{CCD69CDF-74BB-412D-8265-AEBB6008C4A8}.Release|Any CPU.Build.0 = Release|Any CPU
		{CCD69CDF-74BB-412D-8265-AEBB6008C4A8}.Release|x64.ActiveCfg = Release|Any CPU
		{CCD69CDF-74BB-412D-8265-AEBB6008C4A8}.Release|x64.Build.0 = Release|Any CPU
		{CCD69CDF-74BB-412D-8265-AEBB6008C4A8}.Release|x86.ActiveCfg = Release|Any CPU
		{CCD69CDF-74BB-412D-8265-AEBB6008C4A8}.Release|x86.Build.0 = Release|Any CPU
		{A526D0E3-500A-4D6C-A91F-B2759A2F8E7F}.Debug|Any CPU.ActiveCfg = Debug|Any CPU
		{A526D0E3-500A-4D6C-A91F-B2759A2F8E7F}.Debug|Any CPU.Build.0 = Debug|Any CPU
		{A526D0E3-500A-4D6C-A91F-B2759A2F8E7F}.Debug|x64.ActiveCfg = Debug|Any CPU
		{A526D0E3-500A-4D6C-A91F-B2759A2F8E7F}.Debug|x64.Build.0 = Debug|Any CPU
		{A526D0E3-500A-4D6C-A91F-B2759A2F8E7F}.Debug|x86.ActiveCfg = Debug|Any CPU
		{A526D0E3-500A-4D6C-A91F-B2759A2F8E7F}.Debug|x86.Build.0 = Debug|Any CPU
		{A526D0E3-500A-4D6C-A91F-B2759A2F8E7F}.Release|Any CPU.ActiveCfg = Release|Any CPU
		{A526D0E3-500A-4D6C-A91F-B2759A2F8E7F}.Release|Any CPU.Build.0 = Release|Any CPU
		{A526D0E3-500A-4D6C-A91F-B2759A2F8E7F}.Release|x64.ActiveCfg = Release|Any CPU
		{A526D0E3-500A-4D6C-A91F-B2759A2F8E7F}.Release|x64.Build.0 = Release|Any CPU
		{A526D0E3-500A-4D6C-A91F-B2759A2F8E7F}.Release|x86.ActiveCfg = Release|Any CPU
		{A526D0E3-500A-4D6C-A91F-B2759A2F8E7F}.Release|x86.Build.0 = Release|Any CPU
		{9B101BAF-515D-4269-8951-D2C72CE9FB83}.Debug|Any CPU.ActiveCfg = Debug|Any CPU
		{9B101BAF-515D-4269-8951-D2C72CE9FB83}.Debug|Any CPU.Build.0 = Debug|Any CPU
		{9B101BAF-515D-4269-8951-D2C72CE9FB83}.Debug|x64.ActiveCfg = Debug|Any CPU
		{9B101BAF-515D-4269-8951-D2C72CE9FB83}.Debug|x64.Build.0 = Debug|Any CPU
		{9B101BAF-515D-4269-8951-D2C72CE9FB83}.Debug|x86.ActiveCfg = Debug|Any CPU
		{9B101BAF-515D-4269-8951-D2C72CE9FB83}.Debug|x86.Build.0 = Debug|Any CPU
		{9B101BAF-515D-4269-8951-D2C72CE9FB83}.Release|Any CPU.ActiveCfg = Release|Any CPU
		{9B101BAF-515D-4269-8951-D2C72CE9FB83}.Release|Any CPU.Build.0 = Release|Any CPU
		{9B101BAF-515D-4269-8951-D2C72CE9FB83}.Release|x64.ActiveCfg = Release|Any CPU
		{9B101BAF-515D-4269-8951-D2C72CE9FB83}.Release|x64.Build.0 = Release|Any CPU
		{9B101BAF-515D-4269-8951-D2C72CE9FB83}.Release|x86.ActiveCfg = Release|Any CPU
		{9B101BAF-515D-4269-8951-D2C72CE9FB83}.Release|x86.Build.0 = Release|Any CPU
		{12C2BF90-ECF5-452D-AB16-DBE143D5CE22}.Debug|Any CPU.ActiveCfg = Debug|Any CPU
		{12C2BF90-ECF5-452D-AB16-DBE143D5CE22}.Debug|Any CPU.Build.0 = Debug|Any CPU
		{12C2BF90-ECF5-452D-AB16-DBE143D5CE22}.Debug|x64.ActiveCfg = Debug|Any CPU
		{12C2BF90-ECF5-452D-AB16-DBE143D5CE22}.Debug|x64.Build.0 = Debug|Any CPU
		{12C2BF90-ECF5-452D-AB16-DBE143D5CE22}.Debug|x86.ActiveCfg = Debug|Any CPU
		{12C2BF90-ECF5-452D-AB16-DBE143D5CE22}.Debug|x86.Build.0 = Debug|Any CPU
		{12C2BF90-ECF5-452D-AB16-DBE143D5CE22}.Release|Any CPU.ActiveCfg = Release|Any CPU
		{12C2BF90-ECF5-452D-AB16-DBE143D5CE22}.Release|Any CPU.Build.0 = Release|Any CPU
		{12C2BF90-ECF5-452D-AB16-DBE143D5CE22}.Release|x64.ActiveCfg = Release|Any CPU
		{12C2BF90-ECF5-452D-AB16-DBE143D5CE22}.Release|x64.Build.0 = Release|Any CPU
		{12C2BF90-ECF5-452D-AB16-DBE143D5CE22}.Release|x86.ActiveCfg = Release|Any CPU
		{12C2BF90-ECF5-452D-AB16-DBE143D5CE22}.Release|x86.Build.0 = Release|Any CPU
		{815AC796-78EC-42FA-9582-3EF12A0BBA0C}.Debug|Any CPU.ActiveCfg = Debug|Any CPU
		{815AC796-78EC-42FA-9582-3EF12A0BBA0C}.Debug|Any CPU.Build.0 = Debug|Any CPU
		{815AC796-78EC-42FA-9582-3EF12A0BBA0C}.Debug|x64.ActiveCfg = Debug|Any CPU
		{815AC796-78EC-42FA-9582-3EF12A0BBA0C}.Debug|x64.Build.0 = Debug|Any CPU
		{815AC796-78EC-42FA-9582-3EF12A0BBA0C}.Debug|x86.ActiveCfg = Debug|Any CPU
		{815AC796-78EC-42FA-9582-3EF12A0BBA0C}.Debug|x86.Build.0 = Debug|Any CPU
		{815AC796-78EC-42FA-9582-3EF12A0BBA0C}.Release|Any CPU.ActiveCfg = Release|Any CPU
		{815AC796-78EC-42FA-9582-3EF12A0BBA0C}.Release|Any CPU.Build.0 = Release|Any CPU
		{815AC796-78EC-42FA-9582-3EF12A0BBA0C}.Release|x64.ActiveCfg = Release|Any CPU
		{815AC796-78EC-42FA-9582-3EF12A0BBA0C}.Release|x64.Build.0 = Release|Any CPU
		{815AC796-78EC-42FA-9582-3EF12A0BBA0C}.Release|x86.ActiveCfg = Release|Any CPU
		{815AC796-78EC-42FA-9582-3EF12A0BBA0C}.Release|x86.Build.0 = Release|Any CPU
		{075066AA-6FD8-4552-9957-ED78A4E2491B}.Debug|Any CPU.ActiveCfg = Debug|Any CPU
		{075066AA-6FD8-4552-9957-ED78A4E2491B}.Debug|Any CPU.Build.0 = Debug|Any CPU
		{075066AA-6FD8-4552-9957-ED78A4E2491B}.Debug|x64.ActiveCfg = Debug|Any CPU
		{075066AA-6FD8-4552-9957-ED78A4E2491B}.Debug|x64.Build.0 = Debug|Any CPU
		{075066AA-6FD8-4552-9957-ED78A4E2491B}.Debug|x86.ActiveCfg = Debug|Any CPU
		{075066AA-6FD8-4552-9957-ED78A4E2491B}.Debug|x86.Build.0 = Debug|Any CPU
		{075066AA-6FD8-4552-9957-ED78A4E2491B}.Release|Any CPU.ActiveCfg = Release|Any CPU
		{075066AA-6FD8-4552-9957-ED78A4E2491B}.Release|Any CPU.Build.0 = Release|Any CPU
		{075066AA-6FD8-4552-9957-ED78A4E2491B}.Release|x64.ActiveCfg = Release|Any CPU
		{075066AA-6FD8-4552-9957-ED78A4E2491B}.Release|x64.Build.0 = Release|Any CPU
		{075066AA-6FD8-4552-9957-ED78A4E2491B}.Release|x86.ActiveCfg = Release|Any CPU
		{075066AA-6FD8-4552-9957-ED78A4E2491B}.Release|x86.Build.0 = Release|Any CPU
		{311827A9-F03D-4423-9C56-E6CAD94C16DC}.Debug|Any CPU.ActiveCfg = Debug|Any CPU
		{311827A9-F03D-4423-9C56-E6CAD94C16DC}.Debug|Any CPU.Build.0 = Debug|Any CPU
		{311827A9-F03D-4423-9C56-E6CAD94C16DC}.Debug|x64.ActiveCfg = Debug|Any CPU
		{311827A9-F03D-4423-9C56-E6CAD94C16DC}.Debug|x64.Build.0 = Debug|Any CPU
		{311827A9-F03D-4423-9C56-E6CAD94C16DC}.Debug|x86.ActiveCfg = Debug|Any CPU
		{311827A9-F03D-4423-9C56-E6CAD94C16DC}.Debug|x86.Build.0 = Debug|Any CPU
		{311827A9-F03D-4423-9C56-E6CAD94C16DC}.Release|Any CPU.ActiveCfg = Release|Any CPU
		{311827A9-F03D-4423-9C56-E6CAD94C16DC}.Release|Any CPU.Build.0 = Release|Any CPU
		{311827A9-F03D-4423-9C56-E6CAD94C16DC}.Release|x64.ActiveCfg = Release|Any CPU
		{311827A9-F03D-4423-9C56-E6CAD94C16DC}.Release|x64.Build.0 = Release|Any CPU
		{311827A9-F03D-4423-9C56-E6CAD94C16DC}.Release|x86.ActiveCfg = Release|Any CPU
		{311827A9-F03D-4423-9C56-E6CAD94C16DC}.Release|x86.Build.0 = Release|Any CPU
		{9730FBE0-63D9-44AD-8843-43752A4CD493}.Debug|Any CPU.ActiveCfg = Debug|Any CPU
		{9730FBE0-63D9-44AD-8843-43752A4CD493}.Debug|Any CPU.Build.0 = Debug|Any CPU
		{9730FBE0-63D9-44AD-8843-43752A4CD493}.Debug|x64.ActiveCfg = Debug|Any CPU
		{9730FBE0-63D9-44AD-8843-43752A4CD493}.Debug|x64.Build.0 = Debug|Any CPU
		{9730FBE0-63D9-44AD-8843-43752A4CD493}.Debug|x86.ActiveCfg = Debug|Any CPU
		{9730FBE0-63D9-44AD-8843-43752A4CD493}.Debug|x86.Build.0 = Debug|Any CPU
		{9730FBE0-63D9-44AD-8843-43752A4CD493}.Release|Any CPU.ActiveCfg = Release|Any CPU
		{9730FBE0-63D9-44AD-8843-43752A4CD493}.Release|Any CPU.Build.0 = Release|Any CPU
		{9730FBE0-63D9-44AD-8843-43752A4CD493}.Release|x64.ActiveCfg = Release|Any CPU
		{9730FBE0-63D9-44AD-8843-43752A4CD493}.Release|x64.Build.0 = Release|Any CPU
		{9730FBE0-63D9-44AD-8843-43752A4CD493}.Release|x86.ActiveCfg = Release|Any CPU
		{9730FBE0-63D9-44AD-8843-43752A4CD493}.Release|x86.Build.0 = Release|Any CPU
		{CE599215-6AB2-44CA-86C8-E21B94937E76}.Debug|Any CPU.ActiveCfg = Debug|Any CPU
		{CE599215-6AB2-44CA-86C8-E21B94937E76}.Debug|Any CPU.Build.0 = Debug|Any CPU
		{CE599215-6AB2-44CA-86C8-E21B94937E76}.Debug|x64.ActiveCfg = Debug|Any CPU
		{CE599215-6AB2-44CA-86C8-E21B94937E76}.Debug|x64.Build.0 = Debug|Any CPU
		{CE599215-6AB2-44CA-86C8-E21B94937E76}.Debug|x86.ActiveCfg = Debug|Any CPU
		{CE599215-6AB2-44CA-86C8-E21B94937E76}.Debug|x86.Build.0 = Debug|Any CPU
		{CE599215-6AB2-44CA-86C8-E21B94937E76}.Release|Any CPU.ActiveCfg = Release|Any CPU
		{CE599215-6AB2-44CA-86C8-E21B94937E76}.Release|Any CPU.Build.0 = Release|Any CPU
		{CE599215-6AB2-44CA-86C8-E21B94937E76}.Release|x64.ActiveCfg = Release|Any CPU
		{CE599215-6AB2-44CA-86C8-E21B94937E76}.Release|x64.Build.0 = Release|Any CPU
		{CE599215-6AB2-44CA-86C8-E21B94937E76}.Release|x86.ActiveCfg = Release|Any CPU
		{CE599215-6AB2-44CA-86C8-E21B94937E76}.Release|x86.Build.0 = Release|Any CPU
		{A6B59CD4-A590-4D15-BF41-596C477F7446}.Debug|Any CPU.ActiveCfg = Debug|Any CPU
		{A6B59CD4-A590-4D15-BF41-596C477F7446}.Debug|Any CPU.Build.0 = Debug|Any CPU
		{A6B59CD4-A590-4D15-BF41-596C477F7446}.Debug|x64.ActiveCfg = Debug|Any CPU
		{A6B59CD4-A590-4D15-BF41-596C477F7446}.Debug|x64.Build.0 = Debug|Any CPU
		{A6B59CD4-A590-4D15-BF41-596C477F7446}.Debug|x86.ActiveCfg = Debug|Any CPU
		{A6B59CD4-A590-4D15-BF41-596C477F7446}.Debug|x86.Build.0 = Debug|Any CPU
		{A6B59CD4-A590-4D15-BF41-596C477F7446}.Release|Any CPU.ActiveCfg = Release|Any CPU
		{A6B59CD4-A590-4D15-BF41-596C477F7446}.Release|Any CPU.Build.0 = Release|Any CPU
		{A6B59CD4-A590-4D15-BF41-596C477F7446}.Release|x64.ActiveCfg = Release|Any CPU
		{A6B59CD4-A590-4D15-BF41-596C477F7446}.Release|x64.Build.0 = Release|Any CPU
		{A6B59CD4-A590-4D15-BF41-596C477F7446}.Release|x86.ActiveCfg = Release|Any CPU
		{A6B59CD4-A590-4D15-BF41-596C477F7446}.Release|x86.Build.0 = Release|Any CPU
		{00913323-8F52-4F75-9355-A9B91F8108C9}.Debug|Any CPU.ActiveCfg = Debug|Any CPU
		{00913323-8F52-4F75-9355-A9B91F8108C9}.Debug|Any CPU.Build.0 = Debug|Any CPU
		{00913323-8F52-4F75-9355-A9B91F8108C9}.Debug|x64.ActiveCfg = Debug|Any CPU
		{00913323-8F52-4F75-9355-A9B91F8108C9}.Debug|x64.Build.0 = Debug|Any CPU
		{00913323-8F52-4F75-9355-A9B91F8108C9}.Debug|x86.ActiveCfg = Debug|Any CPU
		{00913323-8F52-4F75-9355-A9B91F8108C9}.Debug|x86.Build.0 = Debug|Any CPU
		{00913323-8F52-4F75-9355-A9B91F8108C9}.Release|Any CPU.ActiveCfg = Release|Any CPU
		{00913323-8F52-4F75-9355-A9B91F8108C9}.Release|Any CPU.Build.0 = Release|Any CPU
		{00913323-8F52-4F75-9355-A9B91F8108C9}.Release|x64.ActiveCfg = Release|Any CPU
		{00913323-8F52-4F75-9355-A9B91F8108C9}.Release|x64.Build.0 = Release|Any CPU
		{00913323-8F52-4F75-9355-A9B91F8108C9}.Release|x86.ActiveCfg = Release|Any CPU
		{00913323-8F52-4F75-9355-A9B91F8108C9}.Release|x86.Build.0 = Release|Any CPU
		{11D1490B-56D4-4FD5-99AB-BA1315FFD62E}.Debug|Any CPU.ActiveCfg = Debug|Any CPU
		{11D1490B-56D4-4FD5-99AB-BA1315FFD62E}.Debug|Any CPU.Build.0 = Debug|Any CPU
		{11D1490B-56D4-4FD5-99AB-BA1315FFD62E}.Debug|x64.ActiveCfg = Debug|Any CPU
		{11D1490B-56D4-4FD5-99AB-BA1315FFD62E}.Debug|x64.Build.0 = Debug|Any CPU
		{11D1490B-56D4-4FD5-99AB-BA1315FFD62E}.Debug|x86.ActiveCfg = Debug|Any CPU
		{11D1490B-56D4-4FD5-99AB-BA1315FFD62E}.Debug|x86.Build.0 = Debug|Any CPU
		{11D1490B-56D4-4FD5-99AB-BA1315FFD62E}.Release|Any CPU.ActiveCfg = Release|Any CPU
		{11D1490B-56D4-4FD5-99AB-BA1315FFD62E}.Release|Any CPU.Build.0 = Release|Any CPU
		{11D1490B-56D4-4FD5-99AB-BA1315FFD62E}.Release|x64.ActiveCfg = Release|Any CPU
		{11D1490B-56D4-4FD5-99AB-BA1315FFD62E}.Release|x64.Build.0 = Release|Any CPU
		{11D1490B-56D4-4FD5-99AB-BA1315FFD62E}.Release|x86.ActiveCfg = Release|Any CPU
		{11D1490B-56D4-4FD5-99AB-BA1315FFD62E}.Release|x86.Build.0 = Release|Any CPU
		{D950CCE3-A150-43CA-A768-D9AB9BE7D6D9}.Debug|Any CPU.ActiveCfg = Debug|Any CPU
		{D950CCE3-A150-43CA-A768-D9AB9BE7D6D9}.Debug|Any CPU.Build.0 = Debug|Any CPU
		{D950CCE3-A150-43CA-A768-D9AB9BE7D6D9}.Debug|x64.ActiveCfg = Debug|Any CPU
		{D950CCE3-A150-43CA-A768-D9AB9BE7D6D9}.Debug|x64.Build.0 = Debug|Any CPU
		{D950CCE3-A150-43CA-A768-D9AB9BE7D6D9}.Debug|x86.ActiveCfg = Debug|Any CPU
		{D950CCE3-A150-43CA-A768-D9AB9BE7D6D9}.Debug|x86.Build.0 = Debug|Any CPU
		{D950CCE3-A150-43CA-A768-D9AB9BE7D6D9}.Release|Any CPU.ActiveCfg = Release|Any CPU
		{D950CCE3-A150-43CA-A768-D9AB9BE7D6D9}.Release|Any CPU.Build.0 = Release|Any CPU
		{D950CCE3-A150-43CA-A768-D9AB9BE7D6D9}.Release|x64.ActiveCfg = Release|Any CPU
		{D950CCE3-A150-43CA-A768-D9AB9BE7D6D9}.Release|x64.Build.0 = Release|Any CPU
		{D950CCE3-A150-43CA-A768-D9AB9BE7D6D9}.Release|x86.ActiveCfg = Release|Any CPU
		{D950CCE3-A150-43CA-A768-D9AB9BE7D6D9}.Release|x86.Build.0 = Release|Any CPU
		{E20BDBD2-F967-40C1-BC6B-CCFB4BBDB066}.Debug|Any CPU.ActiveCfg = Debug|Any CPU
		{E20BDBD2-F967-40C1-BC6B-CCFB4BBDB066}.Debug|Any CPU.Build.0 = Debug|Any CPU
		{E20BDBD2-F967-40C1-BC6B-CCFB4BBDB066}.Debug|x64.ActiveCfg = Debug|Any CPU
		{E20BDBD2-F967-40C1-BC6B-CCFB4BBDB066}.Debug|x64.Build.0 = Debug|Any CPU
		{E20BDBD2-F967-40C1-BC6B-CCFB4BBDB066}.Debug|x86.ActiveCfg = Debug|Any CPU
		{E20BDBD2-F967-40C1-BC6B-CCFB4BBDB066}.Debug|x86.Build.0 = Debug|Any CPU
		{E20BDBD2-F967-40C1-BC6B-CCFB4BBDB066}.Release|Any CPU.ActiveCfg = Release|Any CPU
		{E20BDBD2-F967-40C1-BC6B-CCFB4BBDB066}.Release|Any CPU.Build.0 = Release|Any CPU
		{E20BDBD2-F967-40C1-BC6B-CCFB4BBDB066}.Release|x64.ActiveCfg = Release|Any CPU
		{E20BDBD2-F967-40C1-BC6B-CCFB4BBDB066}.Release|x64.Build.0 = Release|Any CPU
		{E20BDBD2-F967-40C1-BC6B-CCFB4BBDB066}.Release|x86.ActiveCfg = Release|Any CPU
		{E20BDBD2-F967-40C1-BC6B-CCFB4BBDB066}.Release|x86.Build.0 = Release|Any CPU
		{2E6A4F12-B2A9-4966-BBFF-CD04921F60B8}.Debug|Any CPU.ActiveCfg = Debug|Any CPU
		{2E6A4F12-B2A9-4966-BBFF-CD04921F60B8}.Debug|Any CPU.Build.0 = Debug|Any CPU
		{2E6A4F12-B2A9-4966-BBFF-CD04921F60B8}.Debug|x64.ActiveCfg = Debug|Any CPU
		{2E6A4F12-B2A9-4966-BBFF-CD04921F60B8}.Debug|x64.Build.0 = Debug|Any CPU
		{2E6A4F12-B2A9-4966-BBFF-CD04921F60B8}.Debug|x86.ActiveCfg = Debug|Any CPU
		{2E6A4F12-B2A9-4966-BBFF-CD04921F60B8}.Debug|x86.Build.0 = Debug|Any CPU
		{2E6A4F12-B2A9-4966-BBFF-CD04921F60B8}.Release|Any CPU.ActiveCfg = Release|Any CPU
		{2E6A4F12-B2A9-4966-BBFF-CD04921F60B8}.Release|Any CPU.Build.0 = Release|Any CPU
		{2E6A4F12-B2A9-4966-BBFF-CD04921F60B8}.Release|x64.ActiveCfg = Release|Any CPU
		{2E6A4F12-B2A9-4966-BBFF-CD04921F60B8}.Release|x64.Build.0 = Release|Any CPU
		{2E6A4F12-B2A9-4966-BBFF-CD04921F60B8}.Release|x86.ActiveCfg = Release|Any CPU
		{2E6A4F12-B2A9-4966-BBFF-CD04921F60B8}.Release|x86.Build.0 = Release|Any CPU
		{90AE8795-1117-4F56-8D51-BD4CEC89BC46}.Debug|Any CPU.ActiveCfg = Debug|Any CPU
		{90AE8795-1117-4F56-8D51-BD4CEC89BC46}.Debug|Any CPU.Build.0 = Debug|Any CPU
		{90AE8795-1117-4F56-8D51-BD4CEC89BC46}.Debug|x64.ActiveCfg = Debug|Any CPU
		{90AE8795-1117-4F56-8D51-BD4CEC89BC46}.Debug|x64.Build.0 = Debug|Any CPU
		{90AE8795-1117-4F56-8D51-BD4CEC89BC46}.Debug|x86.ActiveCfg = Debug|Any CPU
		{90AE8795-1117-4F56-8D51-BD4CEC89BC46}.Debug|x86.Build.0 = Debug|Any CPU
		{90AE8795-1117-4F56-8D51-BD4CEC89BC46}.Release|Any CPU.ActiveCfg = Release|Any CPU
		{90AE8795-1117-4F56-8D51-BD4CEC89BC46}.Release|Any CPU.Build.0 = Release|Any CPU
		{90AE8795-1117-4F56-8D51-BD4CEC89BC46}.Release|x64.ActiveCfg = Release|Any CPU
		{90AE8795-1117-4F56-8D51-BD4CEC89BC46}.Release|x64.Build.0 = Release|Any CPU
		{90AE8795-1117-4F56-8D51-BD4CEC89BC46}.Release|x86.ActiveCfg = Release|Any CPU
		{90AE8795-1117-4F56-8D51-BD4CEC89BC46}.Release|x86.Build.0 = Release|Any CPU
	EndGlobalSection
	GlobalSection(SolutionProperties) = preSolution
		HideSolutionNode = FALSE
	EndGlobalSection
	GlobalSection(NestedProjects) = preSolution
		{9627E87E-F5B7-00AC-2F43-5E65E23A8312} = {5854FF58-B8C5-05C6-5BF2-ACE42193F22B}
		{48B09C83-2E15-0808-2655-F58E359487A4} = {9627E87E-F5B7-00AC-2F43-5E65E23A8312}
		{5AF6BD56-3058-4A1E-8837-7B2FC5DDB096} = {48B09C83-2E15-0808-2655-F58E359487A4}
		{3598534B-A5FE-45EC-A669-91B9E08A1DA3} = {48B09C83-2E15-0808-2655-F58E359487A4}
		{CCD69CDF-74BB-412D-8265-AEBB6008C4A8} = {48B09C83-2E15-0808-2655-F58E359487A4}
		{A526D0E3-500A-4D6C-A91F-B2759A2F8E7F} = {48B09C83-2E15-0808-2655-F58E359487A4}
		{1383B1E2-CD2C-FAD9-BD8C-9C31282C2A8E} = {9627E87E-F5B7-00AC-2F43-5E65E23A8312}
		{9B101BAF-515D-4269-8951-D2C72CE9FB83} = {1383B1E2-CD2C-FAD9-BD8C-9C31282C2A8E}
		{A86387A1-6CB7-E87F-8D97-922B56EDCEFC} = {5854FF58-B8C5-05C6-5BF2-ACE42193F22B}
		{B16E37B7-9997-3A69-15CC-2776E4DDC1AC} = {A86387A1-6CB7-E87F-8D97-922B56EDCEFC}
		{12C2BF90-ECF5-452D-AB16-DBE143D5CE22} = {B16E37B7-9997-3A69-15CC-2776E4DDC1AC}
		{815AC796-78EC-42FA-9582-3EF12A0BBA0C} = {B16E37B7-9997-3A69-15CC-2776E4DDC1AC}
		{075066AA-6FD8-4552-9957-ED78A4E2491B} = {B16E37B7-9997-3A69-15CC-2776E4DDC1AC}
		{311827A9-F03D-4423-9C56-E6CAD94C16DC} = {B16E37B7-9997-3A69-15CC-2776E4DDC1AC}
		{8B9A4CE7-C63C-2C30-32DD-7937E6868EBD} = {A86387A1-6CB7-E87F-8D97-922B56EDCEFC}
		{9730FBE0-63D9-44AD-8843-43752A4CD493} = {8B9A4CE7-C63C-2C30-32DD-7937E6868EBD}
		{ABB082B4-833B-A0CD-B655-86D7DB70B2FA} = {5854FF58-B8C5-05C6-5BF2-ACE42193F22B}
		{8E1C5EED-18F7-95E8-F7A9-6887CCB3C128} = {ABB082B4-833B-A0CD-B655-86D7DB70B2FA}
		{CE599215-6AB2-44CA-86C8-E21B94937E76} = {8E1C5EED-18F7-95E8-F7A9-6887CCB3C128}
		{A6B59CD4-A590-4D15-BF41-596C477F7446} = {8E1C5EED-18F7-95E8-F7A9-6887CCB3C128}
		{00913323-8F52-4F75-9355-A9B91F8108C9} = {8E1C5EED-18F7-95E8-F7A9-6887CCB3C128}
		{11D1490B-56D4-4FD5-99AB-BA1315FFD62E} = {8E1C5EED-18F7-95E8-F7A9-6887CCB3C128}
		{26D1E0BA-7FB6-A6A4-15BA-DE137E8DF31E} = {ABB082B4-833B-A0CD-B655-86D7DB70B2FA}
		{D950CCE3-A150-43CA-A768-D9AB9BE7D6D9} = {26D1E0BA-7FB6-A6A4-15BA-DE137E8DF31E}
		{B0D11A8D-6F1A-3D82-9DD1-31E9FC5F867E} = {4F52FD11-658E-A102-6CD3-7D7C16FFA15B}
		{E20BDBD2-F967-40C1-BC6B-CCFB4BBDB066} = {B0D11A8D-6F1A-3D82-9DD1-31E9FC5F867E}
		{85E3A286-880E-ADB0-5CF2-3F1BDB3A4229} = {4F52FD11-658E-A102-6CD3-7D7C16FFA15B}
		{2E6A4F12-B2A9-4966-BBFF-CD04921F60B8} = {85E3A286-880E-ADB0-5CF2-3F1BDB3A4229}
		{F538B308-B5F3-D824-0B3A-45B14555DCA2} = {4F52FD11-658E-A102-6CD3-7D7C16FFA15B}
		{90AE8795-1117-4F56-8D51-BD4CEC89BC46} = {F538B308-B5F3-D824-0B3A-45B14555DCA2}
	EndGlobalSection
EndGlobal
