
Microsoft Visual Studio Solution File, Format Version 12.00
# Visual Studio Version 17
VisualStudioVersion = 17.0.31903.59
MinimumVisualStudioVersion = 10.0.40219.1
Project("{2150E333-8FDC-42A3-9474-1A3956D46DE8}") = "src", "src", "{827E0CD3-B72D-47B6-A68D-7590B98EB39B}"
EndProject
Project("{FAE04EC0-301F-11D3-BF4B-00C04F79EFBC}") = "ApiGateway.Api", "src\ApiGateway.Api\ApiGateway.Api.csproj", "{C29DAE10-F419-483A-9D86-9676DC371B97}"
EndProject
Project("{FAE04EC0-301F-11D3-BF4B-00C04F79EFBC}") = "ApiGateway.Application", "src\ApiGateway.Application\ApiGateway.Application.csproj", "{B221F51D-D462-44C6-BD14-FDE2D50F858D}"
EndProject
Project("{FAE04EC0-301F-11D3-BF4B-00C04F79EFBC}") = "ApiGateway.Domain", "src\ApiGateway.Domain\ApiGateway.Domain.csproj", "{84E834F3-1EF7-4AD5-8803-F971455B4FAD}"
EndProject
Project("{FAE04EC0-301F-11D3-BF4B-00C04F79EFBC}") = "ApiGateway.Infrastructure", "src\ApiGateway.Infrastructure\ApiGateway.Infrastructure.csproj", "{CE39716A-A974-4EAC-90C2-22E2D58CCD3A}"
EndProject
Project("{2150E333-8FDC-42A3-9474-1A3956D46DE8}") = "tests", "tests", "{0AB3BF05-4346-4AA6-1389-037BE0695223}"
EndProject
Project("{FAE04EC0-301F-11D3-BF4B-00C04F79EFBC}") = "ApiGateway.Tests", "tests\ApiGateway.Tests\ApiGateway.Tests.csproj", "{2369D2C0-B455-4DFF-8BD4-CC3091EDA75A}"
EndProject
Project("{FAE04EC0-301F-11D3-BF4B-00C04F79EFBC}") = "ClinicSaaS.BuildingBlocks", "..\..\shared\building-blocks\ClinicSaaS.BuildingBlocks.csproj", "{0826362B-213F-423A-856F-8B61B50DCC2D}"
EndProject
Project("{FAE04EC0-301F-11D3-BF4B-00C04F79EFBC}") = "ClinicSaaS.Contracts", "..\..\shared\contracts\ClinicSaaS.Contracts.csproj", "{F0D7944F-2DFB-4A64-8FD2-C6DAF2DA289A}"
EndProject
Project("{FAE04EC0-301F-11D3-BF4B-00C04F79EFBC}") = "ClinicSaaS.Observability", "..\..\shared\observability\ClinicSaaS.Observability.csproj", "{1D8C8A1D-BF56-47EB-BFE7-35C7D83389ED}"
EndProject
Global
	GlobalSection(SolutionConfigurationPlatforms) = preSolution
		Debug|Any CPU = Debug|Any CPU
		Debug|x64 = Debug|x64
		Debug|x86 = Debug|x86
		Release|Any CPU = Release|Any CPU
		Release|x64 = Release|x64
		Release|x86 = Release|x86
	EndGlobalSection
	GlobalSection(ProjectConfigurationPlatforms) = postSolution
		{C29DAE10-F419-483A-9D86-9676DC371B97}.Debug|Any CPU.ActiveCfg = Debug|Any CPU
		{C29DAE10-F419-483A-9D86-9676DC371B97}.Debug|Any CPU.Build.0 = Debug|Any CPU
		{C29DAE10-F419-483A-9D86-9676DC371B97}.Debug|x64.ActiveCfg = Debug|Any CPU
		{C29DAE10-F419-483A-9D86-9676DC371B97}.Debug|x64.Build.0 = Debug|Any CPU
		{C29DAE10-F419-483A-9D86-9676DC371B97}.Debug|x86.ActiveCfg = Debug|Any CPU
		{C29DAE10-F419-483A-9D86-9676DC371B97}.Debug|x86.Build.0 = Debug|Any CPU
		{C29DAE10-F419-483A-9D86-9676DC371B97}.Release|Any CPU.ActiveCfg = Release|Any CPU
		{C29DAE10-F419-483A-9D86-9676DC371B97}.Release|Any CPU.Build.0 = Release|Any CPU
		{C29DAE10-F419-483A-9D86-9676DC371B97}.Release|x64.ActiveCfg = Release|Any CPU
		{C29DAE10-F419-483A-9D86-9676DC371B97}.Release|x64.Build.0 = Release|Any CPU
		{C29DAE10-F419-483A-9D86-9676DC371B97}.Release|x86.ActiveCfg = Release|Any CPU
		{C29DAE10-F419-483A-9D86-9676DC371B97}.Release|x86.Build.0 = Release|Any CPU
		{B221F51D-D462-44C6-BD14-FDE2D50F858D}.Debug|Any CPU.ActiveCfg = Debug|Any CPU
		{B221F51D-D462-44C6-BD14-FDE2D50F858D}.Debug|Any CPU.Build.0 = Debug|Any CPU
		{B221F51D-D462-44C6-BD14-FDE2D50F858D}.Debug|x64.ActiveCfg = Debug|Any CPU
		{B221F51D-D462-44C6-BD14-FDE2D50F858D}.Debug|x64.Build.0 = Debug|Any CPU
		{B221F51D-D462-44C6-BD14-FDE2D50F858D}.Debug|x86.ActiveCfg = Debug|Any CPU
		{B221F51D-D462-44C6-BD14-FDE2D50F858D}.Debug|x86.Build.0 = Debug|Any CPU
		{B221F51D-D462-44C6-BD14-FDE2D50F858D}.Release|Any CPU.ActiveCfg = Release|Any CPU
		{B221F51D-D462-44C6-BD14-FDE2D50F858D}.Release|Any CPU.Build.0 = Release|Any CPU
		{B221F51D-D462-44C6-BD14-FDE2D50F858D}.Release|x64.ActiveCfg = Release|Any CPU
		{B221F51D-D462-44C6-BD14-FDE2D50F858D}.Release|x64.Build.0 = Release|Any CPU
		{B221F51D-D462-44C6-BD14-FDE2D50F858D}.Release|x86.ActiveCfg = Release|Any CPU
		{B221F51D-D462-44C6-BD14-FDE2D50F858D}.Release|x86.Build.0 = Release|Any CPU
		{84E834F3-1EF7-4AD5-8803-F971455B4FAD}.Debug|Any CPU.ActiveCfg = Debug|Any CPU
		{84E834F3-1EF7-4AD5-8803-F971455B4FAD}.Debug|Any CPU.Build.0 = Debug|Any CPU
		{84E834F3-1EF7-4AD5-8803-F971455B4FAD}.Debug|x64.ActiveCfg = Debug|Any CPU
		{84E834F3-1EF7-4AD5-8803-F971455B4FAD}.Debug|x64.Build.0 = Debug|Any CPU
		{84E834F3-1EF7-4AD5-8803-F971455B4FAD}.Debug|x86.ActiveCfg = Debug|Any CPU
		{84E834F3-1EF7-4AD5-8803-F971455B4FAD}.Debug|x86.Build.0 = Debug|Any CPU
		{84E834F3-1EF7-4AD5-8803-F971455B4FAD}.Release|Any CPU.ActiveCfg = Release|Any CPU
		{84E834F3-1EF7-4AD5-8803-F971455B4FAD}.Release|Any CPU.Build.0 = Release|Any CPU
		{84E834F3-1EF7-4AD5-8803-F971455B4FAD}.Release|x64.ActiveCfg = Release|Any CPU
		{84E834F3-1EF7-4AD5-8803-F971455B4FAD}.Release|x64.Build.0 = Release|Any CPU
		{84E834F3-1EF7-4AD5-8803-F971455B4FAD}.Release|x86.ActiveCfg = Release|Any CPU
		{84E834F3-1EF7-4AD5-8803-F971455B4FAD}.Release|x86.Build.0 = Release|Any CPU
		{CE39716A-A974-4EAC-90C2-22E2D58CCD3A}.Debug|Any CPU.ActiveCfg = Debug|Any CPU
		{CE39716A-A974-4EAC-90C2-22E2D58CCD3A}.Debug|Any CPU.Build.0 = Debug|Any CPU
		{CE39716A-A974-4EAC-90C2-22E2D58CCD3A}.Debug|x64.ActiveCfg = Debug|Any CPU
		{CE39716A-A974-4EAC-90C2-22E2D58CCD3A}.Debug|x64.Build.0 = Debug|Any CPU
		{CE39716A-A974-4EAC-90C2-22E2D58CCD3A}.Debug|x86.ActiveCfg = Debug|Any CPU
		{CE39716A-A974-4EAC-90C2-22E2D58CCD3A}.Debug|x86.Build.0 = Debug|Any CPU
		{CE39716A-A974-4EAC-90C2-22E2D58CCD3A}.Release|Any CPU.ActiveCfg = Release|Any CPU
		{CE39716A-A974-4EAC-90C2-22E2D58CCD3A}.Release|Any CPU.Build.0 = Release|Any CPU
		{CE39716A-A974-4EAC-90C2-22E2D58CCD3A}.Release|x64.ActiveCfg = Release|Any CPU
		{CE39716A-A974-4EAC-90C2-22E2D58CCD3A}.Release|x64.Build.0 = Release|Any CPU
		{CE39716A-A974-4EAC-90C2-22E2D58CCD3A}.Release|x86.ActiveCfg = Release|Any CPU
		{CE39716A-A974-4EAC-90C2-22E2D58CCD3A}.Release|x86.Build.0 = Release|Any CPU
		{2369D2C0-B455-4DFF-8BD4-CC3091EDA75A}.Debug|Any CPU.ActiveCfg = Debug|Any CPU
		{2369D2C0-B455-4DFF-8BD4-CC3091EDA75A}.Debug|Any CPU.Build.0 = Debug|Any CPU
		{2369D2C0-B455-4DFF-8BD4-CC3091EDA75A}.Debug|x64.ActiveCfg = Debug|Any CPU
		{2369D2C0-B455-4DFF-8BD4-CC3091EDA75A}.Debug|x64.Build.0 = Debug|Any CPU
		{2369D2C0-B455-4DFF-8BD4-CC3091EDA75A}.Debug|x86.ActiveCfg = Debug|Any CPU
		{2369D2C0-B455-4DFF-8BD4-CC3091EDA75A}.Debug|x86.Build.0 = Debug|Any CPU
		{2369D2C0-B455-4DFF-8BD4-CC3091EDA75A}.Release|Any CPU.ActiveCfg = Release|Any CPU
		{2369D2C0-B455-4DFF-8BD4-CC3091EDA75A}.Release|Any CPU.Build.0 = Release|Any CPU
		{2369D2C0-B455-4DFF-8BD4-CC3091EDA75A}.Release|x64.ActiveCfg = Release|Any CPU
		{2369D2C0-B455-4DFF-8BD4-CC3091EDA75A}.Release|x64.Build.0 = Release|Any CPU
		{2369D2C0-B455-4DFF-8BD4-CC3091EDA75A}.Release|x86.ActiveCfg = Release|Any CPU
		{2369D2C0-B455-4DFF-8BD4-CC3091EDA75A}.Release|x86.Build.0 = Release|Any CPU
		{0826362B-213F-423A-856F-8B61B50DCC2D}.Debug|Any CPU.ActiveCfg = Debug|Any CPU
		{0826362B-213F-423A-856F-8B61B50DCC2D}.Debug|Any CPU.Build.0 = Debug|Any CPU
		{0826362B-213F-423A-856F-8B61B50DCC2D}.Debug|x64.ActiveCfg = Debug|Any CPU
		{0826362B-213F-423A-856F-8B61B50DCC2D}.Debug|x64.Build.0 = Debug|Any CPU
		{0826362B-213F-423A-856F-8B61B50DCC2D}.Debug|x86.ActiveCfg = Debug|Any CPU
		{0826362B-213F-423A-856F-8B61B50DCC2D}.Debug|x86.Build.0 = Debug|Any CPU
		{0826362B-213F-423A-856F-8B61B50DCC2D}.Release|Any CPU.ActiveCfg = Release|Any CPU
		{0826362B-213F-423A-856F-8B61B50DCC2D}.Release|Any CPU.Build.0 = Release|Any CPU
		{0826362B-213F-423A-856F-8B61B50DCC2D}.Release|x64.ActiveCfg = Release|Any CPU
		{0826362B-213F-423A-856F-8B61B50DCC2D}.Release|x64.Build.0 = Release|Any CPU
		{0826362B-213F-423A-856F-8B61B50DCC2D}.Release|x86.ActiveCfg = Release|Any CPU
		{0826362B-213F-423A-856F-8B61B50DCC2D}.Release|x86.Build.0 = Release|Any CPU
		{F0D7944F-2DFB-4A64-8FD2-C6DAF2DA289A}.Debug|Any CPU.ActiveCfg = Debug|Any CPU
		{F0D7944F-2DFB-4A64-8FD2-C6DAF2DA289A}.Debug|Any CPU.Build.0 = Debug|Any CPU
		{F0D7944F-2DFB-4A64-8FD2-C6DAF2DA289A}.Debug|x64.ActiveCfg = Debug|Any CPU
		{F0D7944F-2DFB-4A64-8FD2-C6DAF2DA289A}.Debug|x64.Build.0 = Debug|Any CPU
		{F0D7944F-2DFB-4A64-8FD2-C6DAF2DA289A}.Debug|x86.ActiveCfg = Debug|Any CPU
		{F0D7944F-2DFB-4A64-8FD2-C6DAF2DA289A}.Debug|x86.Build.0 = Debug|Any CPU
		{F0D7944F-2DFB-4A64-8FD2-C6DAF2DA289A}.Release|Any CPU.ActiveCfg = Release|Any CPU
		{F0D7944F-2DFB-4A64-8FD2-C6DAF2DA289A}.Release|Any CPU.Build.0 = Release|Any CPU
		{F0D7944F-2DFB-4A64-8FD2-C6DAF2DA289A}.Release|x64.ActiveCfg = Release|Any CPU
		{F0D7944F-2DFB-4A64-8FD2-C6DAF2DA289A}.Release|x64.Build.0 = Release|Any CPU
		{F0D7944F-2DFB-4A64-8FD2-C6DAF2DA289A}.Release|x86.ActiveCfg = Release|Any CPU
		{F0D7944F-2DFB-4A64-8FD2-C6DAF2DA289A}.Release|x86.Build.0 = Release|Any CPU
		{1D8C8A1D-BF56-47EB-BFE7-35C7D83389ED}.Debug|Any CPU.ActiveCfg = Debug|Any CPU
		{1D8C8A1D-BF56-47EB-BFE7-35C7D83389ED}.Debug|Any CPU.Build.0 = Debug|Any CPU
		{1D8C8A1D-BF56-47EB-BFE7-35C7D83389ED}.Debug|x64.ActiveCfg = Debug|Any CPU
		{1D8C8A1D-BF56-47EB-BFE7-35C7D83389ED}.Debug|x64.Build.0 = Debug|Any CPU
		{1D8C8A1D-BF56-47EB-BFE7-35C7D83389ED}.Debug|x86.ActiveCfg = Debug|Any CPU
		{1D8C8A1D-BF56-47EB-BFE7-35C7D83389ED}.Debug|x86.Build.0 = Debug|Any CPU
		{1D8C8A1D-BF56-47EB-BFE7-35C7D83389ED}.Release|Any CPU.ActiveCfg = Release|Any CPU
		{1D8C8A1D-BF56-47EB-BFE7-35C7D83389ED}.Release|Any CPU.Build.0 = Release|Any CPU
		{1D8C8A1D-BF56-47EB-BFE7-35C7D83389ED}.Release|x64.ActiveCfg = Release|Any CPU
		{1D8C8A1D-BF56-47EB-BFE7-35C7D83389ED}.Release|x64.Build.0 = Release|Any CPU
		{1D8C8A1D-BF56-47EB-BFE7-35C7D83389ED}.Release|x86.ActiveCfg = Release|Any CPU
		{1D8C8A1D-BF56-47EB-BFE7-35C7D83389ED}.Release|x86.Build.0 = Release|Any CPU
	EndGlobalSection
	GlobalSection(SolutionProperties) = preSolution
		HideSolutionNode = FALSE
	EndGlobalSection
	GlobalSection(NestedProjects) = preSolution
		{C29DAE10-F419-483A-9D86-9676DC371B97} = {827E0CD3-B72D-47B6-A68D-7590B98EB39B}
		{B221F51D-D462-44C6-BD14-FDE2D50F858D} = {827E0CD3-B72D-47B6-A68D-7590B98EB39B}
		{84E834F3-1EF7-4AD5-8803-F971455B4FAD} = {827E0CD3-B72D-47B6-A68D-7590B98EB39B}
		{CE39716A-A974-4EAC-90C2-22E2D58CCD3A} = {827E0CD3-B72D-47B6-A68D-7590B98EB39B}
		{2369D2C0-B455-4DFF-8BD4-CC3091EDA75A} = {0AB3BF05-4346-4AA6-1389-037BE0695223}
	EndGlobalSection
EndGlobal
